// !$*UTF8*$!
{
	archiveVersion = 1;
	classes = {
	};
	objectVersion = 56;
	objects = {

/* Begin PBXBuildFile section */
		0EC2F927EBE89BDD3C1EA8ED /* Pods_OpenWeather_OpenWeatherUITests.framework in Frameworks */ = {isa = PBXBuildFile; fileRef = 92E6EA94AA3041778605E068 /* Pods_OpenWeather_OpenWeatherUITests.framework */; };
		159CE6D37DA5446DDE79A87F /* Pods_OpenWeatherTests.framework in Frameworks */ = {isa = PBXBuildFile; fileRef = 92C82656B7A9F2DF69E8EAC7 /* Pods_OpenWeatherTests.framework */; };
		2935994E29F96D9E001C6AFB /* OpenWeatherApp.swift in Sources */ = {isa = PBXBuildFile; fileRef = 2935994D29F96D9E001C6AFB /* OpenWeatherApp.swift */; };
		2935995029F96D9E001C6AFB /* ContentView.swift in Sources */ = {isa = PBXBuildFile; fileRef = 2935994F29F96D9E001C6AFB /* ContentView.swift */; };
		2935995229F96DA1001C6AFB /* Assets.xcassets in Resources */ = {isa = PBXBuildFile; fileRef = 2935995129F96DA1001C6AFB /* Assets.xcassets */; };
		2935995529F96DA1001C6AFB /* Preview Assets.xcassets in Resources */ = {isa = PBXBuildFile; fileRef = 2935995429F96DA1001C6AFB /* Preview Assets.xcassets */; };
		2935995F29F96DA1001C6AFB /* OpenWeatherTests.swift in Sources */ = {isa = PBXBuildFile; fileRef = 2935995E29F96DA1001C6AFB /* OpenWeatherTests.swift */; };
		2935996929F96DA2001C6AFB /* OpenWeatherUITests.swift in Sources */ = {isa = PBXBuildFile; fileRef = 2935996829F96DA2001C6AFB /* OpenWeatherUITests.swift */; };
		2935996B29F96DA2001C6AFB /* OpenWeatherUITestsLaunchTests.swift in Sources */ = {isa = PBXBuildFile; fileRef = 2935996A29F96DA2001C6AFB /* OpenWeatherUITestsLaunchTests.swift */; };
		29B3504C29F972F800A70E59 /* API.swift in Sources */ = {isa = PBXBuildFile; fileRef = 29B3504B29F972F800A70E59 /* API.swift */; };
		29B3504E29F9735200A70E59 /* API+Extensions.swift in Sources */ = {isa = PBXBuildFile; fileRef = 29B3504D29F9735200A70E59 /* API+Extensions.swift */; };
		29B3505029F9758400A70E59 /* NetworkManager.swift in Sources */ = {isa = PBXBuildFile; fileRef = 29B3504F29F9758400A70E59 /* NetworkManager.swift */; };
		29B3505229F97A2E00A70E59 /* WeatherResponse.swift in Sources */ = {isa = PBXBuildFile; fileRef = 29B3505129F97A2E00A70E59 /* WeatherResponse.swift */; };
		29B3505429F97A9500A70E59 /* Weather.swift in Sources */ = {isa = PBXBuildFile; fileRef = 29B3505329F97A9500A70E59 /* Weather.swift */; };
		29B3505629F97AC700A70E59 /* WeatherDetail.swift in Sources */ = {isa = PBXBuildFile; fileRef = 29B3505529F97AC700A70E59 /* WeatherDetail.swift */; };
		29B3505829F97AF900A70E59 /* DailyWeather.swift in Sources */ = {isa = PBXBuildFile; fileRef = 29B3505729F97AF900A70E59 /* DailyWeather.swift */; };
		29B3505A29F97B2D00A70E59 /* Temperature.swift in Sources */ = {isa = PBXBuildFile; fileRef = 29B3505929F97B2D00A70E59 /* Temperature.swift */; };
		29B3505C29F983E200A70E59 /* CityViewViewModel.swift in Sources */ = {isa = PBXBuildFile; fileRef = 29B3505B29F983E200A70E59 /* CityViewViewModel.swift */; };
		975D2F56D69AAA9790A90CBD /* Pods_OpenWeather.framework in Frameworks */ = {isa = PBXBuildFile; fileRef = 51F95639E072D65DE6DA4365 /* Pods_OpenWeather.framework */; };
/* End PBXBuildFile section */

/* Begin PBXContainerItemProxy section */
		2935995B29F96DA1001C6AFB /* PBXContainerItemProxy */ = {
			isa = PBXContainerItemProxy;
			containerPortal = 2935994229F96D9E001C6AFB /* Project object */;
			proxyType = 1;
			remoteGlobalIDString = 2935994929F96D9E001C6AFB;
			remoteInfo = OpenWeather;
		};
		2935996529F96DA2001C6AFB /* PBXContainerItemProxy */ = {
			isa = PBXContainerItemProxy;
			containerPortal = 2935994229F96D9E001C6AFB /* Project object */;
			proxyType = 1;
			remoteGlobalIDString = 2935994929F96D9E001C6AFB;
			remoteInfo = OpenWeather;
		};
/* End PBXContainerItemProxy section */

/* Begin PBXFileReference section */
		10E63DFC184F9C21459369A3 /* Pods-OpenWeather.debug.xcconfig */ = {isa = PBXFileReference; includeInIndex = 1; lastKnownFileType = text.xcconfig; name = "Pods-OpenWeather.debug.xcconfig"; path = "Target Support Files/Pods-OpenWeather/Pods-OpenWeather.debug.xcconfig"; sourceTree = "<group>"; };
		2935994A29F96D9E001C6AFB /* OpenWeather.app */ = {isa = PBXFileReference; explicitFileType = wrapper.application; includeInIndex = 0; path = OpenWeather.app; sourceTree = BUILT_PRODUCTS_DIR; };
		2935994D29F96D9E001C6AFB /* OpenWeatherApp.swift */ = {isa = PBXFileReference; lastKnownFileType = sourcecode.swift; path = OpenWeatherApp.swift; sourceTree = "<group>"; };
		2935994F29F96D9E001C6AFB /* ContentView.swift */ = {isa = PBXFileReference; lastKnownFileType = sourcecode.swift; path = ContentView.swift; sourceTree = "<group>"; };
		2935995129F96DA1001C6AFB /* Assets.xcassets */ = {isa = PBXFileReference; lastKnownFileType = folder.assetcatalog; path = Assets.xcassets; sourceTree = "<group>"; };
		2935995429F96DA1001C6AFB /* Preview Assets.xcassets */ = {isa = PBXFileReference; lastKnownFileType = folder.assetcatalog; path = "Preview Assets.xcassets"; sourceTree = "<group>"; };
		2935995A29F96DA1001C6AFB /* OpenWeatherTests.xctest */ = {isa = PBXFileReference; explicitFileType = wrapper.cfbundle; includeInIndex = 0; path = OpenWeatherTests.xctest; sourceTree = BUILT_PRODUCTS_DIR; };
		2935995E29F96DA1001C6AFB /* OpenWeatherTests.swift */ = {isa = PBXFileReference; lastKnownFileType = sourcecode.swift; path = OpenWeatherTests.swift; sourceTree = "<group>"; };
		2935996429F96DA2001C6AFB /* OpenWeatherUITests.xctest */ = {isa = PBXFileReference; explicitFileType = wrapper.cfbundle; includeInIndex = 0; path = OpenWeatherUITests.xctest; sourceTree = BUILT_PRODUCTS_DIR; };
		2935996829F96DA2001C6AFB /* OpenWeatherUITests.swift */ = {isa = PBXFileReference; lastKnownFileType = sourcecode.swift; path = OpenWeatherUITests.swift; sourceTree = "<group>"; };
		2935996A29F96DA2001C6AFB /* OpenWeatherUITestsLaunchTests.swift */ = {isa = PBXFileReference; lastKnownFileType = sourcecode.swift; path = OpenWeatherUITestsLaunchTests.swift; sourceTree = "<group>"; };
		29B3504B29F972F800A70E59 /* API.swift */ = {isa = PBXFileReference; lastKnownFileType = sourcecode.swift; path = API.swift; sourceTree = "<group>"; };
		29B3504D29F9735200A70E59 /* API+Extensions.swift */ = {isa = PBXFileReference; lastKnownFileType = sourcecode.swift; path = "API+Extensions.swift"; sourceTree = "<group>"; };
		29B3504F29F9758400A70E59 /* NetworkManager.swift */ = {isa = PBXFileReference; lastKnownFileType = sourcecode.swift; path = NetworkManager.swift; sourceTree = "<group>"; };
		29B3505129F97A2E00A70E59 /* WeatherResponse.swift */ = {isa = PBXFileReference; lastKnownFileType = sourcecode.swift; path = WeatherResponse.swift; sourceTree = "<group>"; };
		29B3505329F97A9500A70E59 /* Weather.swift */ = {isa = PBXFileReference; lastKnownFileType = sourcecode.swift; path = Weather.swift; sourceTree = "<group>"; };
		29B3505529F97AC700A70E59 /* WeatherDetail.swift */ = {isa = PBXFileReference; lastKnownFileType = sourcecode.swift; path = WeatherDetail.swift; sourceTree = "<group>"; };
		29B3505729F97AF900A70E59 /* DailyWeather.swift */ = {isa = PBXFileReference; lastKnownFileType = sourcecode.swift; path = DailyWeather.swift; sourceTree = "<group>"; };
		29B3505929F97B2D00A70E59 /* Temperature.swift */ = {isa = PBXFileReference; lastKnownFileType = sourcecode.swift; path = Temperature.swift; sourceTree = "<group>"; };
		29B3505B29F983E200A70E59 /* CityViewViewModel.swift */ = {isa = PBXFileReference; lastKnownFileType = sourcecode.swift; path = CityViewViewModel.swift; sourceTree = "<group>"; };
		362FC25F3624FC2A4000C38D /* Pods-OpenWeather.release.xcconfig */ = {isa = PBXFileReference; includeInIndex = 1; lastKnownFileType = text.xcconfig; name = "Pods-OpenWeather.release.xcconfig"; path = "Target Support Files/Pods-OpenWeather/Pods-OpenWeather.release.xcconfig"; sourceTree = "<group>"; };
		4E0343DDE437380AA57FF93E /* Pods-OpenWeather-OpenWeatherUITests.release.xcconfig */ = {isa = PBXFileReference; includeInIndex = 1; lastKnownFileType = text.xcconfig; name = "Pods-OpenWeather-OpenWeatherUITests.release.xcconfig"; path = "Target Support Files/Pods-OpenWeather-OpenWeatherUITests/Pods-OpenWeather-OpenWeatherUITests.release.xcconfig"; sourceTree = "<group>"; };
		51F95639E072D65DE6DA4365 /* Pods_OpenWeather.framework */ = {isa = PBXFileReference; explicitFileType = wrapper.framework; includeInIndex = 0; path = Pods_OpenWeather.framework; sourceTree = BUILT_PRODUCTS_DIR; };
		8522811EE23C2D68D2B73179 /* Pods-OpenWeather-OpenWeatherUITests.debug.xcconfig */ = {isa = PBXFileReference; includeInIndex = 1; lastKnownFileType = text.xcconfig; name = "Pods-OpenWeather-OpenWeatherUITests.debug.xcconfig"; path = "Target Support Files/Pods-OpenWeather-OpenWeatherUITests/Pods-OpenWeather-OpenWeatherUITests.debug.xcconfig"; sourceTree = "<group>"; };
		92C82656B7A9F2DF69E8EAC7 /* Pods_OpenWeatherTests.framework */ = {isa = PBXFileReference; explicitFileType = wrapper.framework; includeInIndex = 0; path = Pods_OpenWeatherTests.framework; sourceTree = BUILT_PRODUCTS_DIR; };
		92E6EA94AA3041778605E068 /* Pods_OpenWeather_OpenWeatherUITests.framework */ = {isa = PBXFileReference; explicitFileType = wrapper.framework; includeInIndex = 0; path = Pods_OpenWeather_OpenWeatherUITests.framework; sourceTree = BUILT_PRODUCTS_DIR; };
		A423127516BEE8933B19994F /* Pods-OpenWeatherTests.debug.xcconfig */ = {isa = PBXFileReference; includeInIndex = 1; lastKnownFileType = text.xcconfig; name = "Pods-OpenWeatherTests.debug.xcconfig"; path = "Target Support Files/Pods-OpenWeatherTests/Pods-OpenWeatherTests.debug.xcconfig"; sourceTree = "<group>"; };
		F47AEDBD73B4F9966F4A4D6A /* Pods-OpenWeatherTests.release.xcconfig */ = {isa = PBXFileReference; includeInIndex = 1; lastKnownFileType = text.xcconfig; name = "Pods-OpenWeatherTests.release.xcconfig"; path = "Target Support Files/Pods-OpenWeatherTests/Pods-OpenWeatherTests.release.xcconfig"; sourceTree = "<group>"; };
/* End PBXFileReference section */

/* Begin PBXFrameworksBuildPhase section */
		2935994729F96D9E001C6AFB /* Frameworks */ = {
			isa = PBXFrameworksBuildPhase;
			buildActionMask = 2147483647;
			files = (
				975D2F56D69AAA9790A90CBD /* Pods_OpenWeather.framework in Frameworks */,
			);
			runOnlyForDeploymentPostprocessing = 0;
		};
		2935995729F96DA1001C6AFB /* Frameworks */ = {
			isa = PBXFrameworksBuildPhase;
			buildActionMask = 2147483647;
			files = (
				159CE6D37DA5446DDE79A87F /* Pods_OpenWeatherTests.framework in Frameworks */,
			);
			runOnlyForDeploymentPostprocessing = 0;
		};
		2935996129F96DA2001C6AFB /* Frameworks */ = {
			isa = PBXFrameworksBuildPhase;
			buildActionMask = 2147483647;
			files = (
				0EC2F927EBE89BDD3C1EA8ED /* Pods_OpenWeather_OpenWeatherUITests.framework in Frameworks */,
			);
			runOnlyForDeploymentPostprocessing = 0;
		};
/* End PBXFrameworksBuildPhase section */

/* Begin PBXGroup section */
		075AF88F9D7CB61BA3FF4137 /* Pods */ = {
			isa = PBXGroup;
			children = (
				10E63DFC184F9C21459369A3 /* Pods-OpenWeather.debug.xcconfig */,
				362FC25F3624FC2A4000C38D /* Pods-OpenWeather.release.xcconfig */,
				8522811EE23C2D68D2B73179 /* Pods-OpenWeather-OpenWeatherUITests.debug.xcconfig */,
				4E0343DDE437380AA57FF93E /* Pods-OpenWeather-OpenWeatherUITests.release.xcconfig */,
				A423127516BEE8933B19994F /* Pods-OpenWeatherTests.debug.xcconfig */,
				F47AEDBD73B4F9966F4A4D6A /* Pods-OpenWeatherTests.release.xcconfig */,
			);
			path = Pods;
			sourceTree = "<group>";
		};
		2935994129F96D9E001C6AFB = {
			isa = PBXGroup;
			children = (
				2935994C29F96D9E001C6AFB /* OpenWeather */,
				2935995D29F96DA1001C6AFB /* OpenWeatherTests */,
				2935996729F96DA2001C6AFB /* OpenWeatherUITests */,
				2935994B29F96D9E001C6AFB /* Products */,
				075AF88F9D7CB61BA3FF4137 /* Pods */,
				F3A79E72CE419739D5D50124 /* Frameworks */,
			);
			sourceTree = "<group>";
		};
		2935994B29F96D9E001C6AFB /* Products */ = {
			isa = PBXGroup;
			children = (
				2935994A29F96D9E001C6AFB /* OpenWeather.app */,
				2935995A29F96DA1001C6AFB /* OpenWeatherTests.xctest */,
				2935996429F96DA2001C6AFB /* OpenWeatherUITests.xctest */,
			);
			name = Products;
			sourceTree = "<group>";
		};
		2935994C29F96D9E001C6AFB /* OpenWeather */ = {
			isa = PBXGroup;
			children = (
				29B3504829F9724100A70E59 /* Animations */,
				29B3504729F9722900A70E59 /* ViewModels */,
				29B3504629F9721400A70E59 /* Views */,
				29B3504529F9720200A70E59 /* Models */,
				29B3504429F971CA00A70E59 /* Networking */,
				2935994D29F96D9E001C6AFB /* OpenWeatherApp.swift */,
				2935994F29F96D9E001C6AFB /* ContentView.swift */,
				2935995129F96DA1001C6AFB /* Assets.xcassets */,
				2935995329F96DA1001C6AFB /* Preview Content */,
			);
			path = OpenWeather;
			sourceTree = "<group>";
		};
		2935995329F96DA1001C6AFB /* Preview Content */ = {
			isa = PBXGroup;
			children = (
				2935995429F96DA1001C6AFB /* Preview Assets.xcassets */,
			);
			path = "Preview Content";
			sourceTree = "<group>";
		};
		2935995D29F96DA1001C6AFB /* OpenWeatherTests */ = {
			isa = PBXGroup;
			children = (
				2935995E29F96DA1001C6AFB /* OpenWeatherTests.swift */,
			);
			path = OpenWeatherTests;
			sourceTree = "<group>";
		};
		2935996729F96DA2001C6AFB /* OpenWeatherUITests */ = {
			isa = PBXGroup;
			children = (
				2935996829F96DA2001C6AFB /* OpenWeatherUITests.swift */,
				2935996A29F96DA2001C6AFB /* OpenWeatherUITestsLaunchTests.swift */,
			);
			path = OpenWeatherUITests;
			sourceTree = "<group>";
		};
		29B3504429F971CA00A70E59 /* Networking */ = {
			isa = PBXGroup;
			children = (
				29B3504B29F972F800A70E59 /* API.swift */,
				29B3504D29F9735200A70E59 /* API+Extensions.swift */,
				29B3504F29F9758400A70E59 /* NetworkManager.swift */,
			);
			path = Networking;
			sourceTree = "<group>";
		};
		29B3504529F9720200A70E59 /* Models */ = {
			isa = PBXGroup;
			children = (
				29B3505129F97A2E00A70E59 /* WeatherResponse.swift */,
				29B3505329F97A9500A70E59 /* Weather.swift */,
				29B3505529F97AC700A70E59 /* WeatherDetail.swift */,
				29B3505729F97AF900A70E59 /* DailyWeather.swift */,
				29B3505929F97B2D00A70E59 /* Temperature.swift */,
			);
			path = Models;
			sourceTree = "<group>";
		};
		29B3504629F9721400A70E59 /* Views */ = {
			isa = PBXGroup;
			children = (
			);
			path = Views;
			sourceTree = "<group>";
		};
		29B3504729F9722900A70E59 /* ViewModels */ = {
			isa = PBXGroup;
			children = (
				29B3505B29F983E200A70E59 /* CityViewViewModel.swift */,
			);
			path = ViewModels;
			sourceTree = "<group>";
		};
		29B3504829F9724100A70E59 /* Animations */ = {
			isa = PBXGroup;
			children = (
			);
			path = Animations;
			sourceTree = "<group>";
		};
		F3A79E72CE419739D5D50124 /* Frameworks */ = {
			isa = PBXGroup;
			children = (
				51F95639E072D65DE6DA4365 /* Pods_OpenWeather.framework */,
				92E6EA94AA3041778605E068 /* Pods_OpenWeather_OpenWeatherUITests.framework */,
				92C82656B7A9F2DF69E8EAC7 /* Pods_OpenWeatherTests.framework */,
			);
			name = Frameworks;
			sourceTree = "<group>";
		};
/* End PBXGroup section */

/* Begin PBXNativeTarget section */
		2935994929F96D9E001C6AFB /* OpenWeather */ = {
			isa = PBXNativeTarget;
			buildConfigurationList = 2935996E29F96DA2001C6AFB /* Build configuration list for PBXNativeTarget "OpenWeather" */;
			buildPhases = (
				741BBA8B6B0E571D042F2579 /* [CP] Check Pods Manifest.lock */,
				2935994629F96D9E001C6AFB /* Sources */,
				2935994729F96D9E001C6AFB /* Frameworks */,
				2935994829F96D9E001C6AFB /* Resources */,
				ACDB8E7F520D6B4C0B1C9448 /* [CP] Embed Pods Frameworks */,
			);
			buildRules = (
			);
			dependencies = (
			);
			name = OpenWeather;
			productName = OpenWeather;
			productReference = 2935994A29F96D9E001C6AFB /* OpenWeather.app */;
			productType = "com.apple.product-type.application";
		};
		2935995929F96DA1001C6AFB /* OpenWeatherTests */ = {
			isa = PBXNativeTarget;
			buildConfigurationList = 2935997129F96DA2001C6AFB /* Build configuration list for PBXNativeTarget "OpenWeatherTests" */;
			buildPhases = (
				FB481541E61070A306D229E1 /* [CP] Check Pods Manifest.lock */,
				2935995629F96DA1001C6AFB /* Sources */,
				2935995729F96DA1001C6AFB /* Frameworks */,
				2935995829F96DA1001C6AFB /* Resources */,
			);
			buildRules = (
			);
			dependencies = (
				2935995C29F96DA1001C6AFB /* PBXTargetDependency */,
			);
			name = OpenWeatherTests;
			productName = OpenWeatherTests;
			productReference = 2935995A29F96DA1001C6AFB /* OpenWeatherTests.xctest */;
			productType = "com.apple.product-type.bundle.unit-test";
		};
		2935996329F96DA2001C6AFB /* OpenWeatherUITests */ = {
			isa = PBXNativeTarget;
			buildConfigurationList = 2935997429F96DA2001C6AFB /* Build configuration list for PBXNativeTarget "OpenWeatherUITests" */;
			buildPhases = (
				5DA10CEF25D8EF7EDF753CB9 /* [CP] Check Pods Manifest.lock */,
				2935996029F96DA2001C6AFB /* Sources */,
				2935996129F96DA2001C6AFB /* Frameworks */,
				2935996229F96DA2001C6AFB /* Resources */,
				02FB5C8B60D74B614C397038 /* [CP] Embed Pods Frameworks */,
			);
			buildRules = (
			);
			dependencies = (
				2935996629F96DA2001C6AFB /* PBXTargetDependency */,
			);
			name = OpenWeatherUITests;
			productName = OpenWeatherUITests;
			productReference = 2935996429F96DA2001C6AFB /* OpenWeatherUITests.xctest */;
			productType = "com.apple.product-type.bundle.ui-testing";
		};
/* End PBXNativeTarget section */

/* Begin PBXProject section */
		2935994229F96D9E001C6AFB /* Project object */ = {
			isa = PBXProject;
			attributes = {
				BuildIndependentTargetsInParallel = 1;
				LastSwiftUpdateCheck = 1410;
				LastUpgradeCheck = 1410;
				TargetAttributes = {
					2935994929F96D9E001C6AFB = {
						CreatedOnToolsVersion = 14.1;
					};
					2935995929F96DA1001C6AFB = {
						CreatedOnToolsVersion = 14.1;
						TestTargetID = 2935994929F96D9E001C6AFB;
					};
					2935996329F96DA2001C6AFB = {
						CreatedOnToolsVersion = 14.1;
						TestTargetID = 2935994929F96D9E001C6AFB;
					};
				};
			};
			buildConfigurationList = 2935994529F96D9E001C6AFB /* Build configuration list for PBXProject "OpenWeather" */;
			compatibilityVersion = "Xcode 14.0";
			developmentRegion = en;
			hasScannedForEncodings = 0;
			knownRegions = (
				en,
				Base,
			);
			mainGroup = 2935994129F96D9E001C6AFB;
			productRefGroup = 2935994B29F96D9E001C6AFB /* Products */;
			projectDirPath = "";
			projectRoot = "";
			targets = (
				2935994929F96D9E001C6AFB /* OpenWeather */,
				2935995929F96DA1001C6AFB /* OpenWeatherTests */,
				2935996329F96DA2001C6AFB /* OpenWeatherUITests */,
			);
		};
/* End PBXProject section */

/* Begin PBXResourcesBuildPhase section */
		2935994829F96D9E001C6AFB /* Resources */ = {
			isa = PBXResourcesBuildPhase;
			buildActionMask = 2147483647;
			files = (
				2935995529F96DA1001C6AFB /* Preview Assets.xcassets in Resources */,
				2935995229F96DA1001C6AFB /* Assets.xcassets in Resources */,
			);
			runOnlyForDeploymentPostprocessing = 0;
		};
		2935995829F96DA1001C6AFB /* Resources */ = {
			isa = PBXResourcesBuildPhase;
			buildActionMask = 2147483647;
			files = (
			);
			runOnlyForDeploymentPostprocessing = 0;
		};
		2935996229F96DA2001C6AFB /* Resources */ = {
			isa = PBXResourcesBuildPhase;
			buildActionMask = 2147483647;
			files = (
			);
			runOnlyForDeploymentPostprocessing = 0;
		};
/* End PBXResourcesBuildPhase section */

/* Begin PBXShellScriptBuildPhase section */
		02FB5C8B60D74B614C397038 /* [CP] Embed Pods Frameworks */ = {
			isa = PBXShellScriptBuildPhase;
			buildActionMask = 2147483647;
			files = (
			);
			inputFileListPaths = (
				"${PODS_ROOT}/Target Support Files/Pods-OpenWeather-OpenWeatherUITests/Pods-OpenWeather-OpenWeatherUITests-frameworks-${CONFIGURATION}-input-files.xcfilelist",
			);
			name = "[CP] Embed Pods Frameworks";
			outputFileListPaths = (
				"${PODS_ROOT}/Target Support Files/Pods-OpenWeather-OpenWeatherUITests/Pods-OpenWeather-OpenWeatherUITests-frameworks-${CONFIGURATION}-output-files.xcfilelist",
			);
			runOnlyForDeploymentPostprocessing = 0;
			shellPath = /bin/sh;
			shellScript = "\"${PODS_ROOT}/Target Support Files/Pods-OpenWeather-OpenWeatherUITests/Pods-OpenWeather-OpenWeatherUITests-frameworks.sh\"\n";
			showEnvVarsInLog = 0;
		};
		5DA10CEF25D8EF7EDF753CB9 /* [CP] Check Pods Manifest.lock */ = {
			isa = PBXShellScriptBuildPhase;
			buildActionMask = 2147483647;
			files = (
			);
			inputFileListPaths = (
			);
			inputPaths = (
				"${PODS_PODFILE_DIR_PATH}/Podfile.lock",
				"${PODS_ROOT}/Manifest.lock",
			);
			name = "[CP] Check Pods Manifest.lock";
			outputFileListPaths = (
			);
			outputPaths = (
				"$(DERIVED_FILE_DIR)/Pods-OpenWeather-OpenWeatherUITests-checkManifestLockResult.txt",
			);
			runOnlyForDeploymentPostprocessing = 0;
			shellPath = /bin/sh;
			shellScript = "diff \"${PODS_PODFILE_DIR_PATH}/Podfile.lock\" \"${PODS_ROOT}/Manifest.lock\" > /dev/null\nif [ $? != 0 ] ; then\n    # print error to STDERR\n    echo \"error: The sandbox is not in sync with the Podfile.lock. Run 'pod install' or update your CocoaPods installation.\" >&2\n    exit 1\nfi\n# This output is used by Xcode 'outputs' to avoid re-running this script phase.\necho \"SUCCESS\" > \"${SCRIPT_OUTPUT_FILE_0}\"\n";
			showEnvVarsInLog = 0;
		};
		741BBA8B6B0E571D042F2579 /* [CP] Check Pods Manifest.lock */ = {
			isa = PBXShellScriptBuildPhase;
			buildActionMask = 2147483647;
			files = (
			);
			inputFileListPaths = (
			);
			inputPaths = (
				"${PODS_PODFILE_DIR_PATH}/Podfile.lock",
				"${PODS_ROOT}/Manifest.lock",
			);
			name = "[CP] Check Pods Manifest.lock";
			outputFileListPaths = (
			);
			outputPaths = (
				"$(DERIVED_FILE_DIR)/Pods-OpenWeather-checkManifestLockResult.txt",
			);
			runOnlyForDeploymentPostprocessing = 0;
			shellPath = /bin/sh;
			shellScript = "diff \"${PODS_PODFILE_DIR_PATH}/Podfile.lock\" \"${PODS_ROOT}/Manifest.lock\" > /dev/null\nif [ $? != 0 ] ; then\n    # print error to STDERR\n    echo \"error: The sandbox is not in sync with the Podfile.lock. Run 'pod install' or update your CocoaPods installation.\" >&2\n    exit 1\nfi\n# This output is used by Xcode 'outputs' to avoid re-running this script phase.\necho \"SUCCESS\" > \"${SCRIPT_OUTPUT_FILE_0}\"\n";
			showEnvVarsInLog = 0;
		};
		ACDB8E7F520D6B4C0B1C9448 /* [CP] Embed Pods Frameworks */ = {
			isa = PBXShellScriptBuildPhase;
			buildActionMask = 2147483647;
			files = (
			);
			inputFileListPaths = (
				"${PODS_ROOT}/Target Support Files/Pods-OpenWeather/Pods-OpenWeather-frameworks-${CONFIGURATION}-input-files.xcfilelist",
			);
			name = "[CP] Embed Pods Frameworks";
			outputFileListPaths = (
				"${PODS_ROOT}/Target Support Files/Pods-OpenWeather/Pods-OpenWeather-frameworks-${CONFIGURATION}-output-files.xcfilelist",
			);
			runOnlyForDeploymentPostprocessing = 0;
			shellPath = /bin/sh;
			shellScript = "\"${PODS_ROOT}/Target Support Files/Pods-OpenWeather/Pods-OpenWeather-frameworks.sh\"\n";
			showEnvVarsInLog = 0;
		};
		FB481541E61070A306D229E1 /* [CP] Check Pods Manifest.lock */ = {
			isa = PBXShellScriptBuildPhase;
			buildActionMask = 2147483647;
			files = (
			);
			inputFileListPaths = (
			);
			inputPaths = (
				"${PODS_PODFILE_DIR_PATH}/Podfile.lock",
				"${PODS_ROOT}/Manifest.lock",
			);
			name = "[CP] Check Pods Manifest.lock";
			outputFileListPaths = (
			);
			outputPaths = (
				"$(DERIVED_FILE_DIR)/Pods-OpenWeatherTests-checkManifestLockResult.txt",
			);
			runOnlyForDeploymentPostprocessing = 0;
			shellPath = /bin/sh;
			shellScript = "diff \"${PODS_PODFILE_DIR_PATH}/Podfile.lock\" \"${PODS_ROOT}/Manifest.lock\" > /dev/null\nif [ $? != 0 ] ; then\n    # print error to STDERR\n    echo \"error: The sandbox is not in sync with the Podfile.lock. Run 'pod install' or update your CocoaPods installation.\" >&2\n    exit 1\nfi\n# This output is used by Xcode 'outputs' to avoid re-running this script phase.\necho \"SUCCESS\" > \"${SCRIPT_OUTPUT_FILE_0}\"\n";
			showEnvVarsInLog = 0;
		};
/* End PBXShellScriptBuildPhase section */

/* Begin PBXSourcesBuildPhase section */
		2935994629F96D9E001C6AFB /* Sources */ = {
			isa = PBXSourcesBuildPhase;
			buildActionMask = 2147483647;
			files = (
				29B3504E29F9735200A70E59 /* API+Extensions.swift in Sources */,
				29B3505C29F983E200A70E59 /* CityViewViewModel.swift in Sources */,
				29B3505629F97AC700A70E59 /* WeatherDetail.swift in Sources */,
				29B3505229F97A2E00A70E59 /* WeatherResponse.swift in Sources */,
				2935995029F96D9E001C6AFB /* ContentView.swift in Sources */,
				29B3505029F9758400A70E59 /* NetworkManager.swift in Sources */,
				29B3504C29F972F800A70E59 /* API.swift in Sources */,
				2935994E29F96D9E001C6AFB /* OpenWeatherApp.swift in Sources */,
				29B3505429F97A9500A70E59 /* Weather.swift in Sources */,
				29B3505A29F97B2D00A70E59 /* Temperature.swift in Sources */,
				29B3505829F97AF900A70E59 /* DailyWeather.swift in Sources */,
			);
			runOnlyForDeploymentPostprocessing = 0;
		};
		2935995629F96DA1001C6AFB /* Sources */ = {
			isa = PBXSourcesBuildPhase;
			buildActionMask = 2147483647;
			files = (
				2935995F29F96DA1001C6AFB /* OpenWeatherTests.swift in Sources */,
			);
			runOnlyForDeploymentPostprocessing = 0;
		};
		2935996029F96DA2001C6AFB /* Sources */ = {
			isa = PBXSourcesBuildPhase;
			buildActionMask = 2147483647;
			files = (
				2935996929F96DA2001C6AFB /* OpenWeatherUITests.swift in Sources */,
				2935996B29F96DA2001C6AFB /* OpenWeatherUITestsLaunchTests.swift in Sources */,
			);
			runOnlyForDeploymentPostprocessing = 0;
		};
/* End PBXSourcesBuildPhase section */

/* Begin PBXTargetDependency section */
		2935995C29F96DA1001C6AFB /* PBXTargetDependency */ = {
			isa = PBXTargetDependency;
			target = 2935994929F96D9E001C6AFB /* OpenWeather */;
			targetProxy = 2935995B29F96DA1001C6AFB /* PBXContainerItemProxy */;
		};
		2935996629F96DA2001C6AFB /* PBXTargetDependency */ = {
			isa = PBXTargetDependency;
			target = 2935994929F96D9E001C6AFB /* OpenWeather */;
			targetProxy = 2935996529F96DA2001C6AFB /* PBXContainerItemProxy */;
		};
/* End PBXTargetDependency section */

/* Begin XCBuildConfiguration section */
		2935996C29F96DA2001C6AFB /* Debug */ = {
			isa = XCBuildConfiguration;
			buildSettings = {
				ALWAYS_SEARCH_USER_PATHS = NO;
				CLANG_ANALYZER_NONNULL = YES;
				CLANG_ANALYZER_NUMBER_OBJECT_CONVERSION = YES_AGGRESSIVE;
				CLANG_CXX_LANGUAGE_STANDARD = "gnu++20";
				CLANG_ENABLE_MODULES = YES;
				CLANG_ENABLE_OBJC_ARC = YES;
				CLANG_ENABLE_OBJC_WEAK = YES;
				CLANG_WARN_BLOCK_CAPTURE_AUTORELEASING = YES;
				CLANG_WARN_BOOL_CONVERSION = YES;
				CLANG_WARN_COMMA = YES;
				CLANG_WARN_CONSTANT_CONVERSION = YES;
				CLANG_WARN_DEPRECATED_OBJC_IMPLEMENTATIONS = YES;
				CLANG_WARN_DIRECT_OBJC_ISA_USAGE = YES_ERROR;
				CLANG_WARN_DOCUMENTATION_COMMENTS = YES;
				CLANG_WARN_EMPTY_BODY = YES;
				CLANG_WARN_ENUM_CONVERSION = YES;
				CLANG_WARN_INFINITE_RECURSION = YES;
				CLANG_WARN_INT_CONVERSION = YES;
				CLANG_WARN_NON_LITERAL_NULL_CONVERSION = YES;
				CLANG_WARN_OBJC_IMPLICIT_RETAIN_SELF = YES;
				CLANG_WARN_OBJC_LITERAL_CONVERSION = YES;
				CLANG_WARN_OBJC_ROOT_CLASS = YES_ERROR;
				CLANG_WARN_QUOTED_INCLUDE_IN_FRAMEWORK_HEADER = YES;
				CLANG_WARN_RANGE_LOOP_ANALYSIS = YES;
				CLANG_WARN_STRICT_PROTOTYPES = YES;
				CLANG_WARN_SUSPICIOUS_MOVE = YES;
				CLANG_WARN_UNGUARDED_AVAILABILITY = YES_AGGRESSIVE;
				CLANG_WARN_UNREACHABLE_CODE = YES;
				CLANG_WARN__DUPLICATE_METHOD_MATCH = YES;
				COPY_PHASE_STRIP = NO;
				DEBUG_INFORMATION_FORMAT = dwarf;
				ENABLE_STRICT_OBJC_MSGSEND = YES;
				ENABLE_TESTABILITY = YES;
				GCC_C_LANGUAGE_STANDARD = gnu11;
				GCC_DYNAMIC_NO_PIC = NO;
				GCC_NO_COMMON_BLOCKS = YES;
				GCC_OPTIMIZATION_LEVEL = 0;
				GCC_PREPROCESSOR_DEFINITIONS = (
					"DEBUG=1",
					"$(inherited)",
				);
				GCC_WARN_64_TO_32_BIT_CONVERSION = YES;
				GCC_WARN_ABOUT_RETURN_TYPE = YES_ERROR;
				GCC_WARN_UNDECLARED_SELECTOR = YES;
				GCC_WARN_UNINITIALIZED_AUTOS = YES_AGGRESSIVE;
				GCC_WARN_UNUSED_FUNCTION = YES;
				GCC_WARN_UNUSED_VARIABLE = YES;
				IPHONEOS_DEPLOYMENT_TARGET = 16.1;
				MTL_ENABLE_DEBUG_INFO = INCLUDE_SOURCE;
				MTL_FAST_MATH = YES;
				ONLY_ACTIVE_ARCH = YES;
				SDKROOT = iphoneos;
				SWIFT_ACTIVE_COMPILATION_CONDITIONS = DEBUG;
				SWIFT_OPTIMIZATION_LEVEL = "-Onone";
			};
			name = Debug;
		};
		2935996D29F96DA2001C6AFB /* Release */ = {
			isa = XCBuildConfiguration;
			buildSettings = {
				ALWAYS_SEARCH_USER_PATHS = NO;
				CLANG_ANALYZER_NONNULL = YES;
				CLANG_ANALYZER_NUMBER_OBJECT_CONVERSION = YES_AGGRESSIVE;
				CLANG_CXX_LANGUAGE_STANDARD = "gnu++20";
				CLANG_ENABLE_MODULES = YES;
				CLANG_ENABLE_OBJC_ARC = YES;
				CLANG_ENABLE_OBJC_WEAK = YES;
				CLANG_WARN_BLOCK_CAPTURE_AUTORELEASING = YES;
				CLANG_WARN_BOOL_CONVERSION = YES;
				CLANG_WARN_COMMA = YES;
				CLANG_WARN_CONSTANT_CONVERSION = YES;
				CLANG_WARN_DEPRECATED_OBJC_IMPLEMENTATIONS = YES;
				CLANG_WARN_DIRECT_OBJC_ISA_USAGE = YES_ERROR;
				CLANG_WARN_DOCUMENTATION_COMMENTS = YES;
				CLANG_WARN_EMPTY_BODY = YES;
				CLANG_WARN_ENUM_CONVERSION = YES;
				CLANG_WARN_INFINITE_RECURSION = YES;
				CLANG_WARN_INT_CONVERSION = YES;
				CLANG_WARN_NON_LITERAL_NULL_CONVERSION = YES;
				CLANG_WARN_OBJC_IMPLICIT_RETAIN_SELF = YES;
				CLANG_WARN_OBJC_LITERAL_CONVERSION = YES;
				CLANG_WARN_OBJC_ROOT_CLASS = YES_ERROR;
				CLANG_WARN_QUOTED_INCLUDE_IN_FRAMEWORK_HEADER = YES;
				CLANG_WARN_RANGE_LOOP_ANALYSIS = YES;
				CLANG_WARN_STRICT_PROTOTYPES = YES;
				CLANG_WARN_SUSPICIOUS_MOVE = YES;
				CLANG_WARN_UNGUARDED_AVAILABILITY = YES_AGGRESSIVE;
				CLANG_WARN_UNREACHABLE_CODE = YES;
				CLANG_WARN__DUPLICATE_METHOD_MATCH = YES;
				COPY_PHASE_STRIP = NO;
				DEBUG_INFORMATION_FORMAT = "dwarf-with-dsym";
				ENABLE_NS_ASSERTIONS = NO;
				ENABLE_STRICT_OBJC_MSGSEND = YES;
				GCC_C_LANGUAGE_STANDARD = gnu11;
				GCC_NO_COMMON_BLOCKS = YES;
				GCC_WARN_64_TO_32_BIT_CONVERSION = YES;
				GCC_WARN_ABOUT_RETURN_TYPE = YES_ERROR;
				GCC_WARN_UNDECLARED_SELECTOR = YES;
				GCC_WARN_UNINITIALIZED_AUTOS = YES_AGGRESSIVE;
				GCC_WARN_UNUSED_FUNCTION = YES;
				GCC_WARN_UNUSED_VARIABLE = YES;
				IPHONEOS_DEPLOYMENT_TARGET = 16.1;
				MTL_ENABLE_DEBUG_INFO = NO;
				MTL_FAST_MATH = YES;
				SDKROOT = iphoneos;
				SWIFT_COMPILATION_MODE = wholemodule;
				SWIFT_OPTIMIZATION_LEVEL = "-O";
				VALIDATE_PRODUCT = YES;
			};
			name = Release;
		};
		2935996F29F96DA2001C6AFB /* Debug */ = {
			isa = XCBuildConfiguration;
			baseConfigurationReference = 10E63DFC184F9C21459369A3 /* Pods-OpenWeather.debug.xcconfig */;
			buildSettings = {
				ASSETCATALOG_COMPILER_APPICON_NAME = AppIcon;
				ASSETCATALOG_COMPILER_GLOBAL_ACCENT_COLOR_NAME = AccentColor;
				CODE_SIGN_STYLE = Automatic;
				CURRENT_PROJECT_VERSION = 1;
				DEVELOPMENT_ASSET_PATHS = "\"OpenWeather/Preview Content\"";
				DEVELOPMENT_TEAM = XTLNDJC7C4;
				ENABLE_PREVIEWS = YES;
				GENERATE_INFOPLIST_FILE = YES;
				INFOPLIST_KEY_UIApplicationSceneManifest_Generation = YES;
				INFOPLIST_KEY_UIApplicationSupportsIndirectInputEvents = YES;
				INFOPLIST_KEY_UILaunchScreen_Generation = YES;
				INFOPLIST_KEY_UISupportedInterfaceOrientations_iPad = "UIInterfaceOrientationPortrait UIInterfaceOrientationPortraitUpsideDown UIInterfaceOrientationLandscapeLeft UIInterfaceOrientationLandscapeRight";
				INFOPLIST_KEY_UISupportedInterfaceOrientations_iPhone = "UIInterfaceOrientationPortrait UIInterfaceOrientationLandscapeLeft UIInterfaceOrientationLandscapeRight";
				LD_RUNPATH_SEARCH_PATHS = (
					"$(inherited)",
					"@executable_path/Frameworks",
				);
				MARKETING_VERSION = 1.0;
				PRODUCT_BUNDLE_IDENTIFIER = OpenWeather.OpenWeather;
				PRODUCT_NAME = "$(TARGET_NAME)";
				SWIFT_EMIT_LOC_STRINGS = YES;
				SWIFT_VERSION = 5.0;
				TARGETED_DEVICE_FAMILY = "1,2";
			};
			name = Debug;
		};
		2935997029F96DA2001C6AFB /* Release */ = {
			isa = XCBuildConfiguration;
			baseConfigurationReference = 362FC25F3624FC2A4000C38D /* Pods-OpenWeather.release.xcconfig */;
			buildSettings = {
				ASSETCATALOG_COMPILER_APPICON_NAME = AppIcon;
				ASSETCATALOG_COMPILER_GLOBAL_ACCENT_COLOR_NAME = AccentColor;
				CODE_SIGN_STYLE = Automatic;
				CURRENT_PROJECT_VERSION = 1;
				DEVELOPMENT_ASSET_PATHS = "\"OpenWeather/Preview Content\"";
				DEVELOPMENT_TEAM = XTLNDJC7C4;
				ENABLE_PREVIEWS = YES;
				GENERATE_INFOPLIST_FILE = YES;
				INFOPLIST_KEY_UIApplicationSceneManifest_Generation = YES;
				INFOPLIST_KEY_UIApplicationSupportsIndirectInputEvents = YES;
				INFOPLIST_KEY_UILaunchScreen_Generation = YES;
				INFOPLIST_KEY_UISupportedInterfaceOrientations_iPad = "UIInterfaceOrientationPortrait UIInterfaceOrientationPortraitUpsideDown UIInterfaceOrientationLandscapeLeft UIInterfaceOrientationLandscapeRight";
				INFOPLIST_KEY_UISupportedInterfaceOrientations_iPhone = "UIInterfaceOrientationPortrait UIInterfaceOrientationLandscapeLeft UIInterfaceOrientationLandscapeRight";
				LD_RUNPATH_SEARCH_PATHS = (
					"$(inherited)",
					"@executable_path/Frameworks",
				);
				MARKETING_VERSION = 1.0;
				PRODUCT_BUNDLE_IDENTIFIER = OpenWeather.OpenWeather;
				PRODUCT_NAME = "$(TARGET_NAME)";
				SWIFT_EMIT_LOC_STRINGS = YES;
				SWIFT_VERSION = 5.0;
				TARGETED_DEVICE_FAMILY = "1,2";
			};
			name = Release;
		};
		2935997229F96DA2001C6AFB /* Debug */ = {
			isa = XCBuildConfiguration;
			baseConfigurationReference = A423127516BEE8933B19994F /* Pods-OpenWeatherTests.debug.xcconfig */;
			buildSettings = {
				ALWAYS_EMBED_SWIFT_STANDARD_LIBRARIES = YES;
				BUNDLE_LOADER = "$(TEST_HOST)";
				CODE_SIGN_STYLE = Automatic;
				CURRENT_PROJECT_VERSION = 1;
				DEVELOPMENT_TEAM = XTLNDJC7C4;
				GENERATE_INFOPLIST_FILE = YES;
				IPHONEOS_DEPLOYMENT_TARGET = 16.1;
				MARKETING_VERSION = 1.0;
				PRODUCT_BUNDLE_IDENTIFIER = OpenWeather.OpenWeatherTests;
				PRODUCT_NAME = "$(TARGET_NAME)";
				SWIFT_EMIT_LOC_STRINGS = NO;
				SWIFT_VERSION = 5.0;
				TARGETED_DEVICE_FAMILY = "1,2";
				TEST_HOST = "$(BUILT_PRODUCTS_DIR)/OpenWeather.app/$(BUNDLE_EXECUTABLE_FOLDER_PATH)/OpenWeather";
			};
			name = Debug;
		};
		2935997329F96DA2001C6AFB /* Release */ = {
			isa = XCBuildConfiguration;
			baseConfigurationReference = F47AEDBD73B4F9966F4A4D6A /* Pods-OpenWeatherTests.release.xcconfig */;
			buildSettings = {
				ALWAYS_EMBED_SWIFT_STANDARD_LIBRARIES = YES;
				BUNDLE_LOADER = "$(TEST_HOST)";
				CODE_SIGN_STYLE = Automatic;
				CURRENT_PROJECT_VERSION = 1;
				DEVELOPMENT_TEAM = XTLNDJC7C4;
				GENERATE_INFOPLIST_FILE = YES;
				IPHONEOS_DEPLOYMENT_TARGET = 16.1;
				MARKETING_VERSION = 1.0;
				PRODUCT_BUNDLE_IDENTIFIER = OpenWeather.OpenWeatherTests;
				PRODUCT_NAME = "$(TARGET_NAME)";
				SWIFT_EMIT_LOC_STRINGS = NO;
				SWIFT_VERSION = 5.0;
				TARGETED_DEVICE_FAMILY = "1,2";
				TEST_HOST = "$(BUILT_PRODUCTS_DIR)/OpenWeather.app/$(BUNDLE_EXECUTABLE_FOLDER_PATH)/OpenWeather";
			};
			name = Release;
		};
		2935997529F96DA2001C6AFB /* Debug */ = {
			isa = XCBuildConfiguration;
			baseConfigurationReference = 8522811EE23C2D68D2B73179 /* Pods-OpenWeather-OpenWeatherUITests.debug.xcconfig */;
			buildSettings = {
				ALWAYS_EMBED_SWIFT_STANDARD_LIBRARIES = YES;
				CODE_SIGN_STYLE = Automatic;
				CURRENT_PROJECT_VERSION = 1;
				DEVELOPMENT_TEAM = XTLNDJC7C4;
				GENERATE_INFOPLIST_FILE = YES;
				MARKETING_VERSION = 1.0;
				PRODUCT_BUNDLE_IDENTIFIER = OpenWeather.OpenWeatherUITests;
				PRODUCT_NAME = "$(TARGET_NAME)";
				SWIFT_EMIT_LOC_STRINGS = NO;
				SWIFT_VERSION = 5.0;
				TARGETED_DEVICE_FAMILY = "1,2";
				TEST_TARGET_NAME = OpenWeather;
			};
			name = Debug;
		};
		2935997629F96DA2001C6AFB /* Release */ = {
			isa = XCBuildConfiguration;
			baseConfigurationReference = 4E0343DDE437380AA57FF93E /* Pods-OpenWeather-OpenWeatherUITests.release.xcconfig */;
			buildSettings = {
				ALWAYS_EMBED_SWIFT_STANDARD_LIBRARIES = YES;
				CODE_SIGN_STYLE = Automatic;
				CURRENT_PROJECT_VERSION = 1;
				DEVELOPMENT_TEAM = XTLNDJC7C4;
				GENERATE_INFOPLIST_FILE = YES;
				MARKETING_VERSION = 1.0;
				PRODUCT_BUNDLE_IDENTIFIER = OpenWeather.OpenWeatherUITests;
				PRODUCT_NAME = "$(TARGET_NAME)";
				SWIFT_EMIT_LOC_STRINGS = NO;
				SWIFT_VERSION = 5.0;
				TARGETED_DEVICE_FAMILY = "1,2";
				TEST_TARGET_NAME = OpenWeather;
			};
			name = Release;
		};
/* End XCBuildConfiguration section */

/* Begin XCConfigurationList section */
		2935994529F96D9E001C6AFB /* Build configuration list for PBXProject "OpenWeather" */ = {
			isa = XCConfigurationList;
			buildConfigurations = (
				2935996C29F96DA2001C6AFB /* Debug */,
				2935996D29F96DA2001C6AFB /* Release */,
			);
			defaultConfigurationIsVisible = 0;
			defaultConfigurationName = Release;
		};
		2935996E29F96DA2001C6AFB /* Build configuration list for PBXNativeTarget "OpenWeather" */ = {
			isa = XCConfigurationList;
			buildConfigurations = (
				2935996F29F96DA2001C6AFB /* Debug */,
				2935997029F96DA2001C6AFB /* Release */,
			);
			defaultConfigurationIsVisible = 0;
			defaultConfigurationName = Release;
		};
		2935997129F96DA2001C6AFB /* Build configuration list for PBXNativeTarget "OpenWeatherTests" */ = {
			isa = XCConfigurationList;
			buildConfigurations = (
				2935997229F96DA2001C6AFB /* Debug */,
				2935997329F96DA2001C6AFB /* Release */,
			);
			defaultConfigurationIsVisible = 0;
			defaultConfigurationName = Release;
		};
		2935997429F96DA2001C6AFB /* Build configuration list for PBXNativeTarget "OpenWeatherUITests" */ = {
			isa = XCConfigurationList;
			buildConfigurations = (
				2935997529F96DA2001C6AFB /* Debug */,
				2935997629F96DA2001C6AFB /* Release */,
			);
			defaultConfigurationIsVisible = 0;
			defaultConfigurationName = Release;
		};
/* End XCConfigurationList section */
	};
	rootObject = 2935994229F96D9E001C6AFB /* Project object */;
}
